
Microsoft Visual Studio Solution File, Format Version 12.00
# Visual Studio Version 16
VisualStudioVersion = 16.0.30114.105
MinimumVisualStudioVersion = 10.0.40219.1
Project("{FAE04EC0-301F-11D3-BF4B-00C04F79EFBC}") = "ingress-supervisor", "ingress-supervisor\ingress-supervisor.csproj", "{90986D8D-0E7F-4B44-9CDF-BA143AA3DE3E}"
EndProject
Project("{FAE04EC0-301F-11D3-BF4B-00C04F79EFBC}") = "unit-tests", "unit-tests\unit-tests.csproj", "{24E2E4F4-FCFE-4853-BCA8-89FEE784F38E}"
EndProject
Global
	GlobalSection(SolutionConfigurationPlatforms) = preSolution
		Debug|Any CPU = Debug|Any CPU
		Release|Any CPU = Release|Any CPU
	EndGlobalSection
	GlobalSection(SolutionProperties) = preSolution
		HideSolutionNode = FALSE
	EndGlobalSection
	GlobalSection(ProjectConfigurationPlatforms) = postSolution
		{90986D8D-0E7F-4B44-9CDF-BA143AA3DE3E}.Debug|Any CPU.ActiveCfg = Debug|Any CPU
		{90986D8D-0E7F-4B44-9CDF-BA143AA3DE3E}.Debug|Any CPU.Build.0 = Debug|Any CPU
		{90986D8D-0E7F-4B44-9CDF-BA143AA3DE3E}.Release|Any CPU.ActiveCfg = Release|Any CPU
		{90986D8D-0E7F-4B44-9CDF-BA143AA3DE3E}.Release|Any CPU.Build.0 = Release|Any CPU
		{24E2E4F4-FCFE-4853-BCA8-89FEE784F38E}.Debug|Any CPU.ActiveCfg = Debug|Any CPU
		{24E2E4F4-FCFE-4853-BCA8-89FEE784F38E}.Debug|Any CPU.Build.0 = Debug|Any CPU
		{24E2E4F4-FCFE-4853-BCA8-89FEE784F38E}.Release|Any CPU.ActiveCfg = Release|Any CPU
		{24E2E4F4-FCFE-4853-BCA8-89FEE784F38E}.Release|Any CPU.Build.0 = Release|Any CPU
	EndGlobalSection
EndGlobal
